{
    "_readme": [
        "This file locks the dependencies of your project to a known state",
        "Read more about it at https://getcomposer.org/doc/01-basic-usage.md#composer-lock-the-lock-file",
        "This file is @generated automatically"
    ],
    "hash": "d7f10882a020d469c5c55abcd01b21e9",
    "packages": [
        {
            "name": "phootwork/collection",
            "version": "v1.0",
            "source": {
                "type": "git",
                "url": "https://github.com/phootwork/collection.git",
                "reference": "980aa5be7ce5c79142c76962e5109698ada9bb0a"
            },
            "dist": {
                "type": "zip",
                "url": "https://api.github.com/repos/phootwork/collection/zipball/980aa5be7ce5c79142c76962e5109698ada9bb0a",
                "reference": "980aa5be7ce5c79142c76962e5109698ada9bb0a",
                "shasum": ""
            },
            "require": {
                "phootwork/lang": "~0",
                "php": ">=5.4"
            },
            "require-dev": {
                "phpunit/phpunit": "~4"
            },
            "type": "library",
            "autoload": {
                "psr-4": {
                    "phootwork\\collection\\": "src"
                }
            },
            "notification-url": "https://packagist.org/downloads/",
            "license": [
                "MIT"
            ],
            "description": "PHP Collections library (List, Set, Map, Queue & Stack)",
            "keywords": [
                "collection",
                "collections",
                "list",
                "map",
                "queue",
                "set",
                "stack"
            ],
            "time": "2015-05-12 12:34:25"
        },
        {
            "name": "phootwork/lang",
            "version": "v0.1",
            "source": {
                "type": "git",
                "url": "https://github.com/phootwork/lang.git",
                "reference": "a1b8159737230bf84adcbf16bdd6e020c4f00082"
            },
            "dist": {
                "type": "zip",
                "url": "https://api.github.com/repos/phootwork/lang/zipball/a1b8159737230bf84adcbf16bdd6e020c4f00082",
                "reference": "a1b8159737230bf84adcbf16bdd6e020c4f00082",
                "shasum": ""
            },
            "require": {
                "php": ">=5.4"
            },
            "require-dev": {
                "phpunit/phpunit": "~4"
            },
            "type": "library",
            "autoload": {
                "psr-4": {
                    "phootwork\\lang\\": "src"
                }
            },
            "notification-url": "https://packagist.org/downloads/",
            "license": [
                "MIT"
            ],
            "description": "(Missing) PHP features represented by objects",
            "time": "2015-05-11 16:03:40"
        }
    ],
    "packages-dev": [],
    "aliases": [],
    "minimum-stability": "stable",
    "stability-flags": [],
    "prefer-stable": false,
    "prefer-lowest": false,
    "platform": [],
    "platform-dev": []
}
